# @generated - this file is auto-generated by `mise lock` https://mise.jdx.dev/dev-tools/mise-lock.html

lockfile_version = 1

[[tools.babashka]]
version = "1.12.218"
backend = "github:babashka/babashka"
specifiers = ["1.12.218"]

[tools.babashka."platforms.linux-arm64"]
checksum = "sha256:e9e9190afb0dd33abbcd3aa6c1382184a88a5498800324719be3be6e1aa68302"
url = "https://github.com/babashka/babashka/releases/download/v1.12.218/babashka-1.12.218-linux-aarch64-static.tar.gz"
url_api = "https://api.github.com/repos/babashka/babashka/releases/assets/400755252"

[tools.babashka."platforms.linux-arm64-musl"]
checksum = "sha256:e9e9190afb0dd33abbcd3aa6c1382184a88a5498800324719be3be6e1aa68302"
url = "https://github.com/babashka/babashka/releases/download/v1.12.218/babashka-1.12.218-linux-aarch64-static.tar.gz"
url_api = "https://api.github.com/repos/babashka/babashka/releases/assets/400755252"

[tools.babashka."platforms.linux-x64"]
checksum = "sha256:6edf99d23c4245774c2c62b25af826d60ed661028906f918f15eceb0deffcfdc"
url = "https://github.com/babashka/babashka/releases/download/v1.12.218/babashka-1.12.218-linux-amd64.tar.gz"
url_api = "https://api.github.com/repos/babashka/babashka/releases/assets/400755044"

[tools.babashka."platforms.linux-x64-musl"]
checksum = "sha256:6edf99d23c4245774c2c62b25af826d60ed661028906f918f15eceb0deffcfdc"
url = "https://github.com/babashka/babashka/releases/download/v1.12.218/babashka-1.12.218-linux-amd64.tar.gz"
url_api = "https://api.github.com/repos/babashka/babashka/releases/assets/400755044"

[tools.babashka."platforms.macos-arm64"]
checksum = "sha256:5bc992f39692b707403fc322e860fc82017da7de4a84a32267abb4d50a0c5f9d"
url = "https://github.com/babashka/babashka/releases/download/v1.12.218/babashka-1.12.218-macos-aarch64.tar.gz"
url_api = "https://api.github.com/repos/babashka/babashka/releases/assets/400751981"

[tools.babashka."platforms.macos-x64"]
checksum = "sha256:2b7640a919b79406142b12c488ee83f7ba070c04b82bee8f74ad4eab074ddaeb"
url = "https://github.com/babashka/babashka/releases/download/v1.12.218/babashka-1.12.218-macos-amd64.tar.gz"
url_api = "https://api.github.com/repos/babashka/babashka/releases/assets/400762233"

[tools.babashka."platforms.windows-x64"]
checksum = "sha256:776db7cb66f7dd5d8a1d59a0f80ef42a92e9f55a6d6afc86f945f8431eab1e83"
url = "https://github.com/babashka/babashka/releases/download/v1.12.218/babashka-1.12.218-windows-amd64.zip"
url_api = "https://api.github.com/repos/babashka/babashka/releases/assets/400752151"

[[tools.circleci-cli]]
version = "1.0.49698"
backend = "aqua:CircleCI-Public/circleci-cli"
specifiers = ["1.0.49698"]

[tools.circleci-cli."platforms.linux-arm64"]
checksum = "sha256:f7b037bb1b4800edcc78ffefe781f0f5c7005dfb9d71ec885380176b35ef6b83"
url = "https://github.com/CircleCI-Public/circleci-cli/releases/download/v1.0.49698/circleci-cli_1.0.49698_linux_arm64.tar.gz"
url_api = "https://api.github.com/repos/CircleCI-Public/circleci-cli/releases/assets/550272468"

[tools.circleci-cli."platforms.linux-arm64-musl"]
checksum = "sha256:f7b037bb1b4800edcc78ffefe781f0f5c7005dfb9d71ec885380176b35ef6b83"
url = "https://github.com/CircleCI-Public/circleci-cli/releases/download/v1.0.49698/circleci-cli_1.0.49698_linux_arm64.tar.gz"
url_api = "https://api.github.com/repos/CircleCI-Public/circleci-cli/releases/assets/550272468"

[tools.circleci-cli."platforms.linux-x64"]
checksum = "sha256:374fe2bf558d6c531d66c649fd2314e20ec4029ba56ff53c83768982a6fe3bdd"
url = "https://github.com/CircleCI-Public/circleci-cli/releases/download/v1.0.49698/circleci-cli_1.0.49698_linux_amd64.tar.gz"
url_api = "https://api.github.com/repos/CircleCI-Public/circleci-cli/releases/assets/550272424"

[tools.circleci-cli."platforms.linux-x64-musl"]
checksum = "sha256:374fe2bf558d6c531d66c649fd2314e20ec4029ba56ff53c83768982a6fe3bdd"
url = "https://github.com/CircleCI-Public/circleci-cli/releases/download/v1.0.49698/circleci-cli_1.0.49698_linux_amd64.tar.gz"
url_api = "https://api.github.com/repos/CircleCI-Public/circleci-cli/releases/assets/550272424"

[tools.circleci-cli."platforms.macos-arm64"]
checksum = "sha256:6892e9478bcd8a8e012c739012c5974e48cdd3009acfd770097102d56b108bf3"
url = "https://github.com/CircleCI-Public/circleci-cli/releases/download/v1.0.49698/circleci-cli_1.0.49698_darwin_arm64.tar.gz"
url_api = "https://api.github.com/repos/CircleCI-Public/circleci-cli/releases/assets/550272423"

[tools.circleci-cli."platforms.macos-x64"]
checksum = "sha256:d71672a9b6efb015202cfd5953987a43c21919e7f5aeef14e998d7b55cede4af"
url = "https://github.com/CircleCI-Public/circleci-cli/releases/download/v1.0.49698/circleci-cli_1.0.49698_darwin_amd64.tar.gz"
url_api = "https://api.github.com/repos/CircleCI-Public/circleci-cli/releases/assets/550272425"

[tools.circleci-cli."platforms.windows-x64"]
checksum = "sha256:41c6b47b4f6d1f36af54550133cd6aed5085f1068bdb76cfbb5c0ca677782948"
url = "https://github.com/CircleCI-Public/circleci-cli/releases/download/v1.0.49698/circleci-cli_1.0.49698_windows_amd64.zip"
url_api = "https://api.github.com/repos/CircleCI-Public/circleci-cli/releases/assets/550272476"

[[tools.java]]
version = "temurin-17.0.19+10"
backend = "core:java"
specifiers = ["temurin-17.0.19+10"]

[tools.java."platforms.linux-arm64"]
checksum = "sha256:83a52172678ec8975164648654869cb2e71d7c748b47aca94b29bbfa10c18e81"
url = "https://github.com/adoptium/temurin17-binaries/releases/download/jdk-17.0.19%2B10/OpenJDK17U-jdk_aarch64_linux_hotspot_17.0.19_10.tar.gz"

[tools.java."platforms.linux-x64"]
checksum = "sha256:d8afc263758141a66e0e3aafc321e783f7016696f4eaea067d340a269037d331"
url = "https://github.com/adoptium/temurin17-binaries/releases/download/jdk-17.0.19%2B10/OpenJDK17U-jdk_x64_linux_hotspot_17.0.19_10.tar.gz"

[tools.java."platforms.linux-x64-musl"]
checksum = "sha256:960b4090b75a887bb21a915a294bee3a97cd11876967c95e5bd29d9ec4812e17"
url = "https://github.com/adoptium/temurin17-binaries/releases/download/jdk-17.0.19%2B10/OpenJDK17U-jdk_x64_alpine-linux_hotspot_17.0.19_10.tar.gz"

[tools.java."platforms.macos-arm64"]
checksum = "sha256:8fa1eff40bb637a33613b2ccb8b12c70dc3661cc22cf8e784943715769a05336"
url = "https://github.com/adoptium/temurin17-binaries/releases/download/jdk-17.0.19%2B10/OpenJDK17U-jdk_aarch64_mac_hotspot_17.0.19_10.tar.gz"

[tools.java."platforms.macos-x64"]
checksum = "sha256:03632d1fbf139ab3719a9f4b47dc206251449b87557143c822336dbf8c06560f"
url = "https://github.com/adoptium/temurin17-binaries/releases/download/jdk-17.0.19%2B10/OpenJDK17U-jdk_x64_mac_hotspot_17.0.19_10.tar.gz"

[tools.java."platforms.windows-x64"]
checksum = "sha256:b5b235c48adf6a081874b812c630b9f4b5f637b7a5ed18b9174d08a41ec4c235"
url = "https://github.com/adoptium/temurin17-binaries/releases/download/jdk-17.0.19%2B10/OpenJDK17U-jdk_x64_windows_hotspot_17.0.19_10.zip"

[[tools.shellcheck]]
version = "0.11.0"
backend = "aqua:koalaman/shellcheck"
specifiers = ["0.11.0"]

[tools.shellcheck."platforms.linux-arm64"]
checksum = "sha256:12b331c1d2db6b9eb13cfca64306b1b157a86eb69db83023e261eaa7e7c14588"
url = "https://github.com/koalaman/shellcheck/releases/download/v0.11.0/shellcheck-v0.11.0.linux.aarch64.tar.xz"
url_api = "https://api.github.com/repos/koalaman/shellcheck/releases/assets/279056934"

[tools.shellcheck."platforms.linux-arm64-musl"]
checksum = "sha256:12b331c1d2db6b9eb13cfca64306b1b157a86eb69db83023e261eaa7e7c14588"
url = "https://github.com/koalaman/shellcheck/releases/download/v0.11.0/shellcheck-v0.11.0.linux.aarch64.tar.xz"
url_api = "https://api.github.com/repos/koalaman/shellcheck/releases/assets/279056934"

[tools.shellcheck."platforms.linux-x64"]
checksum = "sha256:8c3be12b05d5c177a04c29e3c78ce89ac86f1595681cab149b65b97c4e227198"
url = "https://github.com/koalaman/shellcheck/releases/download/v0.11.0/shellcheck-v0.11.0.linux.x86_64.tar.xz"
url_api = "https://api.github.com/repos/koalaman/shellcheck/releases/assets/279056942"

[tools.shellcheck."platforms.linux-x64-musl"]
checksum = "sha256:8c3be12b05d5c177a04c29e3c78ce89ac86f1595681cab149b65b97c4e227198"
url = "https://github.com/koalaman/shellcheck/releases/download/v0.11.0/shellcheck-v0.11.0.linux.x86_64.tar.xz"
url_api = "https://api.github.com/repos/koalaman/shellcheck/releases/assets/279056942"

[tools.shellcheck."platforms.macos-arm64"]
checksum = "sha256:56affdd8de5527894dca6dc3d7e0a99a873b0f004d7aabc30ae407d3f48b0a79"
url = "https://github.com/koalaman/shellcheck/releases/download/v0.11.0/shellcheck-v0.11.0.darwin.aarch64.tar.xz"
url_api = "https://api.github.com/repos/koalaman/shellcheck/releases/assets/279056932"

[tools.shellcheck."platforms.macos-x64"]
checksum = "sha256:3c89db4edcab7cf1c27bff178882e0f6f27f7afdf54e859fa041fca10febe4c6"
url = "https://github.com/koalaman/shellcheck/releases/download/v0.11.0/shellcheck-v0.11.0.darwin.x86_64.tar.xz"
url_api = "https://api.github.com/repos/koalaman/shellcheck/releases/assets/279056930"

[tools.shellcheck."platforms.windows-x64"]
checksum = "sha256:8a4e35ab0b331c85d73567b12f2a444df187f483e5079ceffa6bda1faa2e740e"
url = "https://github.com/koalaman/shellcheck/releases/download/v0.11.0/shellcheck-v0.11.0.zip"
url_api = "https://api.github.com/repos/koalaman/shellcheck/releases/assets/279056944"

[[tools.shfmt]]
version = "3.13.1"
backend = "aqua:mvdan/sh"
specifiers = ["3.13.1"]

[tools.shfmt."platforms.linux-arm64"]
checksum = "sha256:32d92acaa5cd8abb29fc49dac123dc412442d5713967819d8af2c29f1b3857c7"
url = "https://github.com/mvdan/sh/releases/download/v3.13.1/shfmt_v3.13.1_linux_arm64"
url_api = "https://api.github.com/repos/mvdan/sh/releases/assets/390322859"

[tools.shfmt."platforms.linux-arm64-musl"]
checksum = "sha256:32d92acaa5cd8abb29fc49dac123dc412442d5713967819d8af2c29f1b3857c7"
url = "https://github.com/mvdan/sh/releases/download/v3.13.1/shfmt_v3.13.1_linux_arm64"
url_api = "https://api.github.com/repos/mvdan/sh/releases/assets/390322859"

[tools.shfmt."platforms.linux-x64"]
checksum = "sha256:fb096c5d1ac6beabbdbaa2874d025badb03ee07929f0c9ff67563ce8c75398b1"
url = "https://github.com/mvdan/sh/releases/download/v3.13.1/shfmt_v3.13.1_linux_amd64"
url_api = "https://api.github.com/repos/mvdan/sh/releases/assets/390322866"

[tools.shfmt."platforms.linux-x64-musl"]
checksum = "sha256:fb096c5d1ac6beabbdbaa2874d025badb03ee07929f0c9ff67563ce8c75398b1"
url = "https://github.com/mvdan/sh/releases/download/v3.13.1/shfmt_v3.13.1_linux_amd64"
url_api = "https://api.github.com/repos/mvdan/sh/releases/assets/390322866"

[tools.shfmt."platforms.macos-arm64"]
checksum = "sha256:9680526be4a66ea1ffe988ed08af58e1400fe1e4f4aef5bd88b20bb9b3da33f8"
url = "https://github.com/mvdan/sh/releases/download/v3.13.1/shfmt_v3.13.1_darwin_arm64"
url_api = "https://api.github.com/repos/mvdan/sh/releases/assets/390322881"

[tools.shfmt."platforms.macos-x64"]
checksum = "sha256:6feedafc72915794163114f512348e2437d080d0047ef8b8fa2ec63b575f12af"
url = "https://github.com/mvdan/sh/releases/download/v3.13.1/shfmt_v3.13.1_darwin_amd64"
url_api = "https://api.github.com/repos/mvdan/sh/releases/assets/390322886"

[tools.shfmt."platforms.windows-x64"]
checksum = "sha256:60cd368533d0ad73fa86d93d5bbf95ef40587245ce684ed138c1b31557b5fe97"
url = "https://github.com/mvdan/sh/releases/download/v3.13.1/shfmt_v3.13.1_windows_amd64.exe"
url_api = "https://api.github.com/repos/mvdan/sh/releases/assets/390322844"

[[tools.yamlfmt]]
version = "0.21.0"
backend = "aqua:google/yamlfmt"
specifiers = ["0.21.0"]

[tools.yamlfmt."platforms.linux-arm64"]
checksum = "sha256:5b2689c963b177271330c5ce8ca7396751107e5a826be46f03d2cb9b6f0c7784"
url = "https://github.com/google/yamlfmt/releases/download/v0.21.0/yamlfmt_0.21.0_Linux_arm64.tar.gz"
url_api = "https://api.github.com/repos/google/yamlfmt/releases/assets/336650208"

[tools.yamlfmt."platforms.linux-arm64-musl"]
checksum = "sha256:5b2689c963b177271330c5ce8ca7396751107e5a826be46f03d2cb9b6f0c7784"
url = "https://github.com/google/yamlfmt/releases/download/v0.21.0/yamlfmt_0.21.0_Linux_arm64.tar.gz"
url_api = "https://api.github.com/repos/google/yamlfmt/releases/assets/336650208"

[tools.yamlfmt."platforms.linux-x64"]
checksum = "sha256:1f300d9257b232bb3b541d7fb1b0e6b3c121bcbab381c86cd38cb8722be8a566"
url = "https://github.com/google/yamlfmt/releases/download/v0.21.0/yamlfmt_0.21.0_Linux_x86_64.tar.gz"
url_api = "https://api.github.com/repos/google/yamlfmt/releases/assets/336650203"

[tools.yamlfmt."platforms.linux-x64-musl"]
checksum = "sha256:1f300d9257b232bb3b541d7fb1b0e6b3c121bcbab381c86cd38cb8722be8a566"
url = "https://github.com/google/yamlfmt/releases/download/v0.21.0/yamlfmt_0.21.0_Linux_x86_64.tar.gz"
url_api = "https://api.github.com/repos/google/yamlfmt/releases/assets/336650203"

[tools.yamlfmt."platforms.macos-arm64"]
checksum = "sha256:4b417ecb94339d57e4c122ecc948c1a00fe328b5853266de9806e652a92858fa"
url = "https://github.com/google/yamlfmt/releases/download/v0.21.0/yamlfmt_0.21.0_Darwin_arm64.tar.gz"
url_api = "https://api.github.com/repos/google/yamlfmt/releases/assets/336650209"

[tools.yamlfmt."platforms.macos-x64"]
checksum = "sha256:060e943bcb8583c456810eb1ff4721b4f46c4a0c1a4432449d5dc3bbfe29a22b"
url = "https://github.com/google/yamlfmt/releases/download/v0.21.0/yamlfmt_0.21.0_Darwin_x86_64.tar.gz"
url_api = "https://api.github.com/repos/google/yamlfmt/releases/assets/336650207"

[tools.yamlfmt."platforms.windows-x64"]
checksum = "sha256:07f80ce5d741eb4b0a9380ac78a19c7cb5bd44e2a9a47a5a04839e3ba54dd463"
url = "https://github.com/google/yamlfmt/releases/download/v0.21.0/yamlfmt_0.21.0_Windows_x86_64.tar.gz"
url_api = "https://api.github.com/repos/google/yamlfmt/releases/assets/336650206"
